﻿
Microsoft Visual Studio Solution File, Format Version 12.00
# Visual Studio Version 17
VisualStudioVersion = 17.0.31903.59
MinimumVisualStudioVersion = 10.0.40219.1
Project("{FAE04EC0-301F-11D3-BF4B-00C04F79EFBC}") = "PhonePalace.Web", "PhonePalace.Web\PhonePalace.Web.csproj", "{FBD5CE79-D202-44F9-B1AB-05B79D42B01F}"
EndProject
Project("{FAE04EC0-301F-11D3-BF4B-00C04F79EFBC}") = "PhonePalace.Domain", "PhonePalace.Domain\PhonePalace.Domain.csproj", "{FE5BB6D8-5578-45DB-AA8E-87D137B2FA81}"
EndProject
Project("{FAE04EC0-301F-11D3-BF4B-00C04F79EFBC}") = "PhonePalace.Infrastructure", "PhonePalace.Infrastructure\PhonePalace.Infrastructure.csproj", "{57848209-85FC-4BA8-9954-D265F0217DB6}"
EndProject
Global
	GlobalSection(SolutionConfigurationPlatforms) = preSolution
		Debug|Any CPU = Debug|Any CPU
		Debug|x64 = Debug|x64
		Debug|x86 = Debug|x86
		Release|Any CPU = Release|Any CPU
		Release|x64 = Release|x64
		Release|x86 = Release|x86
	EndGlobalSection
	GlobalSection(ProjectConfigurationPlatforms) = postSolution
		{FBD5CE79-D202-44F9-B1AB-05B79D42B01F}.Debug|Any CPU.ActiveCfg = Debug|Any CPU
		{FBD5CE79-D202-44F9-B1AB-05B79D42B01F}.Debug|Any CPU.Build.0 = Debug|Any CPU
		{FBD5CE79-D202-44F9-B1AB-05B79D42B01F}.Debug|x64.ActiveCfg = Debug|Any CPU
		{FBD5CE79-D202-44F9-B1AB-05B79D42B01F}.Debug|x64.Build.0 = Debug|Any CPU
		{FBD5CE79-D202-44F9-B1AB-05B79D42B01F}.Debug|x86.ActiveCfg = Debug|Any CPU
		{FBD5CE79-D202-44F9-B1AB-05B79D42B01F}.Debug|x86.Build.0 = Debug|Any CPU
		{FBD5CE79-D202-44F9-B1AB-05B79D42B01F}.Release|Any CPU.ActiveCfg = Release|Any CPU
		{FBD5CE79-D202-44F9-B1AB-05B79D42B01F}.Release|Any CPU.Build.0 = Release|Any CPU
		{FBD5CE79-D202-44F9-B1AB-05B79D42B01F}.Release|x64.ActiveCfg = Release|Any CPU
		{FBD5CE79-D202-44F9-B1AB-05B79D42B01F}.Release|x64.Build.0 = Release|Any CPU
		{FBD5CE79-D202-44F9-B1AB-05B79D42B01F}.Release|x86.ActiveCfg = Release|Any CPU
		{FBD5CE79-D202-44F9-B1AB-05B79D42B01F}.Release|x86.Build.0 = Release|Any CPU
		{FE5BB6D8-5578-45DB-AA8E-87D137B2FA81}.Debug|Any CPU.ActiveCfg = Debug|Any CPU
		{FE5BB6D8-5578-45DB-AA8E-87D137B2FA81}.Debug|Any CPU.Build.0 = Debug|Any CPU
		{FE5BB6D8-5578-45DB-AA8E-87D137B2FA81}.Debug|x64.ActiveCfg = Debug|Any CPU
		{FE5BB6D8-5578-45DB-AA8E-87D137B2FA81}.Debug|x64.Build.0 = Debug|Any CPU
		{FE5BB6D8-5578-45DB-AA8E-87D137B2FA81}.Debug|x86.ActiveCfg = Debug|Any CPU
		{FE5BB6D8-5578-45DB-AA8E-87D137B2FA81}.Debug|x86.Build.0 = Debug|Any CPU
		{FE5BB6D8-5578-45DB-AA8E-87D137B2FA81}.Release|Any CPU.ActiveCfg = Release|Any CPU
		{FE5BB6D8-5578-45DB-AA8E-87D137B2FA81}.Release|Any CPU.Build.0 = Release|Any CPU
		{FE5BB6D8-5578-45DB-AA8E-87D137B2FA81}.Release|x64.ActiveCfg = Release|Any CPU
		{FE5BB6D8-5578-45DB-AA8E-87D137B2FA81}.Release|x64.Build.0 = Release|Any CPU
		{FE5BB6D8-5578-45DB-AA8E-87D137B2FA81}.Release|x86.ActiveCfg = Release|Any CPU
		{FE5BB6D8-5578-45DB-AA8E-87D137B2FA81}.Release|x86.Build.0 = Release|Any CPU
		{57848209-85FC-4BA8-9954-D265F0217DB6}.Debug|Any CPU.ActiveCfg = Debug|Any CPU
		{57848209-85FC-4BA8-9954-D265F0217DB6}.Debug|Any CPU.Build.0 = Debug|Any CPU
		{57848209-85FC-4BA8-9954-D265F0217DB6}.Debug|x64.ActiveCfg = Debug|Any CPU
		{57848209-85FC-4BA8-9954-D265F0217DB6}.Debug|x64.Build.0 = Debug|Any CPU
		{57848209-85FC-4BA8-9954-D265F0217DB6}.Debug|x86.ActiveCfg = Debug|Any CPU
		{57848209-85FC-4BA8-9954-D265F0217DB6}.Debug|x86.Build.0 = Debug|Any CPU
		{57848209-85FC-4BA8-9954-D265F0217DB6}.Release|Any CPU.ActiveCfg = Release|Any CPU
		{57848209-85FC-4BA8-9954-D265F0217DB6}.Release|Any CPU.Build.0 = Release|Any CPU
		{57848209-85FC-4BA8-9954-D265F0217DB6}.Release|x64.ActiveCfg = Release|Any CPU
		{57848209-85FC-4BA8-9954-D265F0217DB6}.Release|x64.Build.0 = Release|Any CPU
		{57848209-85FC-4BA8-9954-D265F0217DB6}.Release|x86.ActiveCfg = Release|Any CPU
		{57848209-85FC-4BA8-9954-D265F0217DB6}.Release|x86.Build.0 = Release|Any CPU
	EndGlobalSection
	GlobalSection(SolutionProperties) = preSolution
		HideSolutionNode = FALSE
	EndGlobalSection
EndGlobal
